// !$*UTF8*$!
{
	archiveVersion = 1;
	classes = {
	};
	objectVersion = 50;
	objects = {

/* Begin PBXBuildFile section */
		5839880B23C47D41002CDAA9 /* main.m in Sources */ = {isa = PBXBuildFile; fileRef = 5839880123C440A0002CDAA9 /* main.m */; };
		5839880E23C47F97002CDAA9 /* QuestionArray.m in Sources */ = {isa = PBXBuildFile; fileRef = 5839880D23C47F97002CDAA9 /* QuestionArray.m */; };
		5839881123C481AB002CDAA9 /* QuestionString.m in Sources */ = {isa = PBXBuildFile; fileRef = 5839881023C481AB002CDAA9 /* QuestionString.m */; };
		5839881423C484A2002CDAA9 /* QuestionListNode.m in Sources */ = {isa = PBXBuildFile; fileRef = 5839881323C484A2002CDAA9 /* QuestionListNode.m */; };
		5839881723C4942C002CDAA9 /* QuestionTreeNode.m in Sources */ = {isa = PBXBuildFile; fileRef = 5839881623C4942C002CDAA9 /* QuestionTreeNode.m */; };
		5839881A23C5C756002CDAA9 /* QuestionFibonacci.m in Sources */ = {isa = PBXBuildFile; fileRef = 5839881923C5C756002CDAA9 /* QuestionFibonacci.m */; };
		5839881D23C5DD4F002CDAA9 /* QuestionDymiac.m in Sources */ = {isa = PBXBuildFile; fileRef = 5839881C23C5DD4F002CDAA9 /* QuestionDymiac.m */; };
/* End PBXBuildFile section */

/* Begin PBXCopyFilesBuildPhase section */
		583987FC23C440A0002CDAA9 /* CopyFiles */ = {
			isa = PBXCopyFilesBuildPhase;
			buildActionMask = 2147483647;
			dstPath = /usr/share/man/man1/;
			dstSubfolderSpec = 0;
			files = (
			);
			runOnlyForDeploymentPostprocessing = 1;
		};
/* End PBXCopyFilesBuildPhase section */

/* Begin PBXFileReference section */
		583987FE23C440A0002CDAA9 /* 剑指offer */ = {isa = PBXFileReference; explicitFileType = "compiled.mach-o.executable"; includeInIndex = 0; path = "剑指offer"; sourceTree = BUILT_PRODUCTS_DIR; };
		5839880123C440A0002CDAA9 /* main.m */ = {isa = PBXFileReference; lastKnownFileType = sourcecode.c.objc; path = main.m; sourceTree = "<group>"; };
		5839880C23C47F97002CDAA9 /* QuestionArray.h */ = {isa = PBXFileReference; lastKnownFileType = sourcecode.c.h; path = QuestionArray.h; sourceTree = "<group>"; };
		5839880D23C47F97002CDAA9 /* QuestionArray.m */ = {isa = PBXFileReference; lastKnownFileType = sourcecode.c.objc; path = QuestionArray.m; sourceTree = "<group>"; };
		5839880F23C481AB002CDAA9 /* QuestionString.h */ = {isa = PBXFileReference; lastKnownFileType = sourcecode.c.h; path = QuestionString.h; sourceTree = "<group>"; };
		5839881023C481AB002CDAA9 /* QuestionString.m */ = {isa = PBXFileReference; lastKnownFileType = sourcecode.c.objc; path = QuestionString.m; sourceTree = "<group>"; };
		5839881223C484A2002CDAA9 /* QuestionListNode.h */ = {isa = PBXFileReference; lastKnownFileType = sourcecode.c.h; path = QuestionListNode.h; sourceTree = "<group>"; };
		5839881323C484A2002CDAA9 /* QuestionListNode.m */ = {isa = PBXFileReference; lastKnownFileType = sourcecode.c.objc; path = QuestionListNode.m; sourceTree = "<group>"; };
		5839881523C4942C002CDAA9 /* QuestionTreeNode.h */ = {isa = PBXFileReference; lastKnownFileType = sourcecode.c.h; path = QuestionTreeNode.h; sourceTree = "<group>"; };
		5839881623C4942C002CDAA9 /* QuestionTreeNode.m */ = {isa = PBXFileReference; lastKnownFileType = sourcecode.c.objc; path = QuestionTreeNode.m; sourceTree = "<group>"; };
		5839881823C5C756002CDAA9 /* QuestionFibonacci.h */ = {isa = PBXFileReference; lastKnownFileType = sourcecode.c.h; path = QuestionFibonacci.h; sourceTree = "<group>"; };
		5839881923C5C756002CDAA9 /* QuestionFibonacci.m */ = {isa = PBXFileReference; lastKnownFileType = sourcecode.c.objc; path = QuestionFibonacci.m; sourceTree = "<group>"; };
		5839881B23C5DD4F002CDAA9 /* QuestionDymiac.h */ = {isa = PBXFileReference; lastKnownFileType = sourcecode.c.h; path = QuestionDymiac.h; sourceTree = "<group>"; };
		5839881C23C5DD4F002CDAA9 /* QuestionDymiac.m */ = {isa = PBXFileReference; lastKnownFileType = sourcecode.c.objc; path = QuestionDymiac.m; sourceTree = "<group>"; };
/* End PBXFileReference section */

/* Begin PBXFrameworksBuildPhase section */
		583987FB23C440A0002CDAA9 /* Frameworks */ = {
			isa = PBXFrameworksBuildPhase;
			buildActionMask = 2147483647;
			files = (
			);
			runOnlyForDeploymentPostprocessing = 0;
		};
/* End PBXFrameworksBuildPhase section */

/* Begin PBXGroup section */
		583987F523C440A0002CDAA9 = {
			isa = PBXGroup;
			children = (
				5839880023C440A0002CDAA9 /* 剑指offer */,
				583987FF23C440A0002CDAA9 /* Products */,
			);
			sourceTree = "<group>";
		};
		583987FF23C440A0002CDAA9 /* Products */ = {
			isa = PBXGroup;
			children = (
				583987FE23C440A0002CDAA9 /* 剑指offer */,
			);
			name = Products;
			sourceTree = "<group>";
		};
		5839880023C440A0002CDAA9 /* 剑指offer */ = {
			isa = PBXGroup;
			children = (
				5839880123C440A0002CDAA9 /* main.m */,
				5839880C23C47F97002CDAA9 /* QuestionArray.h */,
				5839880D23C47F97002CDAA9 /* QuestionArray.m */,
				5839880F23C481AB002CDAA9 /* QuestionString.h */,
				5839881023C481AB002CDAA9 /* QuestionString.m */,
				5839881223C484A2002CDAA9 /* QuestionListNode.h */,
				5839881323C484A2002CDAA9 /* QuestionListNode.m */,
				5839881523C4942C002CDAA9 /* QuestionTreeNode.h */,
				5839881623C4942C002CDAA9 /* QuestionTreeNode.m */,
				5839881823C5C756002CDAA9 /* QuestionFibonacci.h */,
				5839881923C5C756002CDAA9 /* QuestionFibonacci.m */,
				5839881B23C5DD4F002CDAA9 /* QuestionDymiac.h */,
				5839881C23C5DD4F002CDAA9 /* QuestionDymiac.m */,
			);
			path = "剑指offer";
			sourceTree = "<group>";
		};
/* End PBXGroup section */

/* Begin PBXNativeTarget section */
		583987FD23C440A0002CDAA9 /* 剑指offer */ = {
			isa = PBXNativeTarget;
			buildConfigurationList = 5839880523C440A0002CDAA9 /* Build configuration list for PBXNativeTarget "剑指offer" */;
			buildPhases = (
				583987FA23C440A0002CDAA9 /* Sources */,
				583987FB23C440A0002CDAA9 /* Frameworks */,
				583987FC23C440A0002CDAA9 /* CopyFiles */,
			);
			buildRules = (
			);
			dependencies = (
			);
			name = "剑指offer";
			productName = "剑指offer";
			productReference = 583987FE23C440A0002CDAA9 /* 剑指offer */;
			productType = "com.apple.product-type.tool";
		};
/* End PBXNativeTarget section */

/* Begin PBXProject section */
		583987F623C440A0002CDAA9 /* Project object */ = {
			isa = PBXProject;
			attributes = {
				LastUpgradeCheck = 1130;
				ORGANIZATIONNAME = admin;
				TargetAttributes = {
					583987FD23C440A0002CDAA9 = {
						CreatedOnToolsVersion = 11.3;
					};
				};
			};
			buildConfigurationList = 583987F923C440A0002CDAA9 /* Build configuration list for PBXProject "剑指offer" */;
			compatibilityVersion = "Xcode 9.3";
			developmentRegion = en;
			hasScannedForEncodings = 0;
			knownRegions = (
				en,
				Base,
			);
			mainGroup = 583987F523C440A0002CDAA9;
			productRefGroup = 583987FF23C440A0002CDAA9 /* Products */;
			projectDirPath = "";
			projectRoot = "";
			targets = (
				583987FD23C440A0002CDAA9 /* 剑指offer */,
			);
		};
/* End PBXProject section */

/* Begin PBXSourcesBuildPhase section */
		583987FA23C440A0002CDAA9 /* Sources */ = {
			isa = PBXSourcesBuildPhase;
			buildActionMask = 2147483647;
			files = (
				5839881D23C5DD4F002CDAA9 /* QuestionDymiac.m in Sources */,
				5839880B23C47D41002CDAA9 /* main.m in Sources */,
				5839881723C4942C002CDAA9 /* QuestionTreeNode.m in Sources */,
				5839881123C481AB002CDAA9 /* QuestionString.m in Sources */,
				5839880E23C47F97002CDAA9 /* QuestionArray.m in Sources */,
				5839881A23C5C756002CDAA9 /* QuestionFibonacci.m in Sources */,
				5839881423C484A2002CDAA9 /* QuestionListNode.m in Sources */,
			);
			runOnlyForDeploymentPostprocessing = 0;
		};
/* End PBXSourcesBuildPhase section */

/* Begin XCBuildConfiguration section */
		5839880323C440A0002CDAA9 /* Debug */ = {
			isa = XCBuildConfiguration;
			buildSettings = {
				ALWAYS_SEARCH_USER_PATHS = NO;
				CLANG_ANALYZER_NONNULL = YES;
				CLANG_ANALYZER_NUMBER_OBJECT_CONVERSION = YES_AGGRESSIVE;
				CLANG_CXX_LANGUAGE_STANDARD = "gnu++14";
				CLANG_CXX_LIBRARY = "libc++";
				CLANG_ENABLE_MODULES = YES;
				CLANG_ENABLE_OBJC_ARC = YES;
				CLANG_ENABLE_OBJC_WEAK = YES;
				CLANG_WARN_BLOCK_CAPTURE_AUTORELEASING = YES;
				CLANG_WARN_BOOL_CONVERSION = YES;
				CLANG_WARN_COMMA = YES;
				CLANG_WARN_CONSTANT_CONVERSION = YES;
				CLANG_WARN_DEPRECATED_OBJC_IMPLEMENTATIONS = YES;
				CLANG_WARN_DIRECT_OBJC_ISA_USAGE = YES_ERROR;
				CLANG_WARN_DOCUMENTATION_COMMENTS = YES;
				CLANG_WARN_EMPTY_BODY = YES;
				CLANG_WARN_ENUM_CONVERSION = YES;
				CLANG_WARN_INFINITE_RECURSION = YES;
				CLANG_WARN_INT_CONVERSION = YES;
				CLANG_WARN_NON_LITERAL_NULL_CONVERSION = YES;
				CLANG_WARN_OBJC_IMPLICIT_RETAIN_SELF = YES;
				CLANG_WARN_OBJC_LITERAL_CONVERSION = YES;
				CLANG_WARN_OBJC_ROOT_CLASS = YES_ERROR;
				CLANG_WARN_RANGE_LOOP_ANALYSIS = YES;
				CLANG_WARN_STRICT_PROTOTYPES = YES;
				CLANG_WARN_SUSPICIOUS_MOVE = YES;
				CLANG_WARN_UNGUARDED_AVAILABILITY = YES_AGGRESSIVE;
				CLANG_WARN_UNREACHABLE_CODE = YES;
				CLANG_WARN__DUPLICATE_METHOD_MATCH = YES;
				COPY_PHASE_STRIP = NO;
				DEBUG_INFORMATION_FORMAT = dwarf;
				ENABLE_STRICT_OBJC_MSGSEND = YES;
				ENABLE_TESTABILITY = YES;
				GCC_C_LANGUAGE_STANDARD = gnu11;
				GCC_DYNAMIC_NO_PIC = NO;
				GCC_NO_COMMON_BLOCKS = YES;
				GCC_OPTIMIZATION_LEVEL = 0;
				GCC_PREPROCESSOR_DEFINITIONS = (
					"DEBUG=1",
					"$(inherited)",
				);
				GCC_WARN_64_TO_32_BIT_CONVERSION = YES;
				GCC_WARN_ABOUT_RETURN_TYPE = YES_ERROR;
				GCC_WARN_UNDECLARED_SELECTOR = YES;
				GCC_WARN_UNINITIALIZED_AUTOS = YES_AGGRESSIVE;
				GCC_WARN_UNUSED_FUNCTION = YES;
				GCC_WARN_UNUSED_VARIABLE = YES;
				MACOSX_DEPLOYMENT_TARGET = 10.14;
				MTL_ENABLE_DEBUG_INFO = INCLUDE_SOURCE;
				MTL_FAST_MATH = YES;
				ONLY_ACTIVE_ARCH = YES;
				SDKROOT = macosx;
			};
			name = Debug;
		};
		5839880423C440A0002CDAA9 /* Release */ = {
			isa = XCBuildConfiguration;
			buildSettings = {
				ALWAYS_SEARCH_USER_PATHS = NO;
				CLANG_ANALYZER_NONNULL = YES;
				CLANG_ANALYZER_NUMBER_OBJECT_CONVERSION = YES_AGGRESSIVE;
				CLANG_CXX_LANGUAGE_STANDARD = "gnu++14";
				CLANG_CXX_LIBRARY = "libc++";
				CLANG_ENABLE_MODULES = YES;
				CLANG_ENABLE_OBJC_ARC = YES;
				CLANG_ENABLE_OBJC_WEAK = YES;
				CLANG_WARN_BLOCK_CAPTURE_AUTORELEASING = YES;
				CLANG_WARN_BOOL_CONVERSION = YES;
				CLANG_WARN_COMMA = YES;
				CLANG_WARN_CONSTANT_CONVERSION = YES;
				CLANG_WARN_DEPRECATED_OBJC_IMPLEMENTATIONS = YES;
				CLANG_WARN_DIRECT_OBJC_ISA_USAGE = YES_ERROR;
				CLANG_WARN_DOCUMENTATION_COMMENTS = YES;
				CLANG_WARN_EMPTY_BODY = YES;
				CLANG_WARN_ENUM_CONVERSION = YES;
				CLANG_WARN_INFINITE_RECURSION = YES;
				CLANG_WARN_INT_CONVERSION = YES;
				CLANG_WARN_NON_LITERAL_NULL_CONVERSION = YES;
				CLANG_WARN_OBJC_IMPLICIT_RETAIN_SELF = YES;
				CLANG_WARN_OBJC_LITERAL_CONVERSION = YES;
				CLANG_WARN_OBJC_ROOT_CLASS = YES_ERROR;
				CLANG_WARN_RANGE_LOOP_ANALYSIS = YES;
				CLANG_WARN_STRICT_PROTOTYPES = YES;
				CLANG_WARN_SUSPICIOUS_MOVE = YES;
				CLANG_WARN_UNGUARDED_AVAILABILITY = YES_AGGRESSIVE;
				CLANG_WARN_UNREACHABLE_CODE = YES;
				CLANG_WARN__DUPLICATE_METHOD_MATCH = YES;
				COPY_PHASE_STRIP = NO;
				DEBUG_INFORMATION_FORMAT = "dwarf-with-dsym";
				ENABLE_NS_ASSERTIONS = NO;
				ENABLE_STRICT_OBJC_MSGSEND = YES;
				GCC_C_LANGUAGE_STANDARD = gnu11;
				GCC_NO_COMMON_BLOCKS = YES;
				GCC_WARN_64_TO_32_BIT_CONVERSION = YES;
				GCC_WARN_ABOUT_RETURN_TYPE = YES_ERROR;
				GCC_WARN_UNDECLARED_SELECTOR = YES;
				GCC_WARN_UNINITIALIZED_AUTOS = YES_AGGRESSIVE;
				GCC_WARN_UNUSED_FUNCTION = YES;
				GCC_WARN_UNUSED_VARIABLE = YES;
				MACOSX_DEPLOYMENT_TARGET = 10.14;
				MTL_ENABLE_DEBUG_INFO = NO;
				MTL_FAST_MATH = YES;
				SDKROOT = macosx;
			};
			name = Release;
		};
		5839880623C440A0002CDAA9 /* Debug */ = {
			isa = XCBuildConfiguration;
			buildSettings = {
				CODE_SIGN_STYLE = Automatic;
				DEVELOPMENT_TEAM = 6N3CM5XA9J;
				ENABLE_HARDENED_RUNTIME = YES;
				PRODUCT_NAME = "$(TARGET_NAME)";
			};
			name = Debug;
		};
		5839880723C440A0002CDAA9 /* Release */ = {
			isa = XCBuildConfiguration;
			buildSettings = {
				CODE_SIGN_STYLE = Automatic;
				DEVELOPMENT_TEAM = 6N3CM5XA9J;
				ENABLE_HARDENED_RUNTIME = YES;
				PRODUCT_NAME = "$(TARGET_NAME)";
			};
			name = Release;
		};
/* End XCBuildConfiguration section */

/* Begin XCConfigurationList section */
		583987F923C440A0002CDAA9 /* Build configuration list for PBXProject "剑指offer" */ = {
			isa = XCConfigurationList;
			buildConfigurations = (
				5839880323C440A0002CDAA9 /* Debug */,
				5839880423C440A0002CDAA9 /* Release */,
			);
			defaultConfigurationIsVisible = 0;
			defaultConfigurationName = Release;
		};
		5839880523C440A0002CDAA9 /* Build configuration list for PBXNativeTarget "剑指offer" */ = {
			isa = XCConfigurationList;
			buildConfigurations = (
				5839880623C440A0002CDAA9 /* Debug */,
				5839880723C440A0002CDAA9 /* Release */,
			);
			defaultConfigurationIsVisible = 0;
			defaultConfigurationName = Release;
		};
/* End XCConfigurationList section */
	};
	rootObject = 583987F623C440A0002CDAA9 /* Project object */;
}
